
Microsoft Visual Studio Solution File, Format Version 12.00
# Visual Studio Version 16
VisualStudioVersion = 16.0.30002.166
MinimumVisualStudioVersion = 10.0.40219.1
Project("{FAE04EC0-301F-11D3-BF4B-00C04F79EFBC}") = "Covid19.Library", "Covid19.Library\Covid19.Library.csproj", "{822619B2-234D-4E6C-AB35-093A4426470E}"
EndProject
Project("{FAE04EC0-301F-11D3-BF4B-00C04F79EFBC}") = "Covid19.ConsoleApp", "Covid19.ConsoleApp\Covid19.ConsoleApp.csproj", "{BED0D312-F665-442E-89D7-B8634B9E9C82}"
EndProject
Global
	GlobalSection(SolutionConfigurationPlatforms) = preSolution
		Debug|Any CPU = Debug|Any CPU
		Release|Any CPU = Release|Any CPU
	EndGlobalSection
	GlobalSection(ProjectConfigurationPlatforms) = postSolution
		{822619B2-234D-4E6C-AB35-093A4426470E}.Debug|Any CPU.ActiveCfg = Debug|Any CPU
		{822619B2-234D-4E6C-AB35-093A4426470E}.Debug|Any CPU.Build.0 = Debug|Any CPU
		{822619B2-234D-4E6C-AB35-093A4426470E}.Release|Any CPU.ActiveCfg = Release|Any CPU
		{822619B2-234D-4E6C-AB35-093A4426470E}.Release|Any CPU.Build.0 = Release|Any CPU
		{BED0D312-F665-442E-89D7-B8634B9E9C82}.Debug|Any CPU.ActiveCfg = Debug|Any CPU
		{BED0D312-F665-442E-89D7-B8634B9E9C82}.Debug|Any CPU.Build.0 = Debug|Any CPU
		{BED0D312-F665-442E-89D7-B8634B9E9C82}.Release|Any CPU.ActiveCfg = Release|Any CPU
		{BED0D312-F665-442E-89D7-B8634B9E9C82}.Release|Any CPU.Build.0 = Release|Any CPU
	EndGlobalSection
	GlobalSection(SolutionProperties) = preSolution
		HideSolutionNode = FALSE
	EndGlobalSection
	GlobalSection(ExtensibilityGlobals) = postSolution
		SolutionGuid = {FEEE8843-0627-4332-91D9-1B516FA11A69}
	EndGlobalSection
EndGlobal
